// !$*UTF8*$!
{
	archiveVersion = 1;
	classes = {
	};
	objectVersion = 46;
	objects = {

/* Begin PBXBuildFile section */
		B85C53DF15F3B26D00219991 /* Foundation.framework in Frameworks */ = {isa = PBXBuildFile; fileRef = B85C53DE15F3B26D00219991 /* Foundation.framework */; };
		B85C53E215F3B26D00219991 /* main.m in Sources */ = {isa = PBXBuildFile; fileRef = B85C53E115F3B26D00219991 /* main.m */; };
		B85C53E615F3B26D00219991 /* AnagramKata.1 in CopyFiles */ = {isa = PBXBuildFile; fileRef = B85C53E515F3B26D00219991 /* AnagramKata.1 */; };
		B85C53EF15F3B29B00219991 /* NSString+Anagram.m in Sources */ = {isa = PBXBuildFile; fileRef = B85C53EE15F3B29B00219991 /* NSString+Anagram.m */; };
/* End PBXBuildFile section */

/* Begin PBXCopyFilesBuildPhase section */
		B85C53D815F3B26D00219991 /* CopyFiles */ = {
			isa = PBXCopyFilesBuildPhase;
			buildActionMask = 2147483647;
			dstPath = /usr/share/man/man1/;
			dstSubfolderSpec = 0;
			files = (
				B85C53E615F3B26D00219991 /* AnagramKata.1 in CopyFiles */,
			);
			runOnlyForDeploymentPostprocessing = 1;
		};
/* End PBXCopyFilesBuildPhase section */

/* Begin PBXFileReference section */
		B85C53DA15F3B26D00219991 /* AnagramKata */ = {isa = PBXFileReference; explicitFileType = "compiled.mach-o.executable"; includeInIndex = 0; path = AnagramKata; sourceTree = BUILT_PRODUCTS_DIR; };
		B85C53DE15F3B26D00219991 /* Foundation.framework */ = {isa = PBXFileReference; lastKnownFileType = wrapper.framework; name = Foundation.framework; path = System/Library/Frameworks/Foundation.framework; sourceTree = SDKROOT; };
		B85C53E115F3B26D00219991 /* main.m */ = {isa = PBXFileReference; lastKnownFileType = sourcecode.c.objc; path = main.m; sourceTree = "<group>"; };
		B85C53E415F3B26D00219991 /* AnagramKata-Prefix.pch */ = {isa = PBXFileReference; lastKnownFileType = sourcecode.c.h; path = "AnagramKata-Prefix.pch"; sourceTree = "<group>"; };
		B85C53E515F3B26D00219991 /* AnagramKata.1 */ = {isa = PBXFileReference; lastKnownFileType = text.man; path = AnagramKata.1; sourceTree = "<group>"; };
		B85C53ED15F3B29B00219991 /* NSString+Anagram.h */ = {isa = PBXFileReference; fileEncoding = 4; lastKnownFileType = sourcecode.c.h; path = "NSString+Anagram.h"; sourceTree = "<group>"; };
		B85C53EE15F3B29B00219991 /* NSString+Anagram.m */ = {isa = PBXFileReference; fileEncoding = 4; lastKnownFileType = sourcecode.c.objc; path = "NSString+Anagram.m"; sourceTree = "<group>"; };
/* End PBXFileReference section */

/* Begin PBXFrameworksBuildPhase section */
		B85C53D715F3B26D00219991 /* Frameworks */ = {
			isa = PBXFrameworksBuildPhase;
			buildActionMask = 2147483647;
			files = (
				B85C53DF15F3B26D00219991 /* Foundation.framework in Frameworks */,
			);
			runOnlyForDeploymentPostprocessing = 0;
		};
/* End PBXFrameworksBuildPhase section */

/* Begin PBXGroup section */
		B85C53CF15F3B26D00219991 = {
			isa = PBXGroup;
			children = (
				B85C53E015F3B26D00219991 /* AnagramKata */,
				B85C53DD15F3B26D00219991 /* Frameworks */,
				B85C53DB15F3B26D00219991 /* Products */,
			);
			sourceTree = "<group>";
		};
		B85C53DB15F3B26D00219991 /* Products */ = {
			isa = PBXGroup;
			children = (
				B85C53DA15F3B26D00219991 /* AnagramKata */,
			);
			name = Products;
			sourceTree = "<group>";
		};
		B85C53DD15F3B26D00219991 /* Frameworks */ = {
			isa = PBXGroup;
			children = (
				B85C53DE15F3B26D00219991 /* Foundation.framework */,
			);
			name = Frameworks;
			sourceTree = "<group>";
		};
		B85C53E015F3B26D00219991 /* AnagramKata */ = {
			isa = PBXGroup;
			children = (
				B85C53EC15F3B28300219991 /* Categories */,
				B85C53E115F3B26D00219991 /* main.m */,
				B85C53E515F3B26D00219991 /* AnagramKata.1 */,
				B85C53E315F3B26D00219991 /* Supporting Files */,
			);
			path = AnagramKata;
			sourceTree = "<group>";
		};
		B85C53E315F3B26D00219991 /* Supporting Files */ = {
			isa = PBXGroup;
			children = (
				B85C53E415F3B26D00219991 /* AnagramKata-Prefix.pch */,
			);
			name = "Supporting Files";
			sourceTree = "<group>";
		};
		B85C53EC15F3B28300219991 /* Categories */ = {
			isa = PBXGroup;
			children = (
				B85C53ED15F3B29B00219991 /* NSString+Anagram.h */,
				B85C53EE15F3B29B00219991 /* NSString+Anagram.m */,
			);
			name = Categories;
			sourceTree = "<group>";
		};
/* End PBXGroup section */

/* Begin PBXNativeTarget section */
		B85C53D915F3B26D00219991 /* AnagramKata */ = {
			isa = PBXNativeTarget;
			buildConfigurationList = B85C53E915F3B26D00219991 /* Build configuration list for PBXNativeTarget "AnagramKata" */;
			buildPhases = (
				B85C53D615F3B26D00219991 /* Sources */,
				B85C53D715F3B26D00219991 /* Frameworks */,
				B85C53D815F3B26D00219991 /* CopyFiles */,
			);
			buildRules = (
			);
			dependencies = (
			);
			name = AnagramKata;
			productName = AnagramKata;
			productReference = B85C53DA15F3B26D00219991 /* AnagramKata */;
			productType = "com.apple.product-type.tool";
		};
/* End PBXNativeTarget section */

/* Begin PBXProject section */
		B85C53D115F3B26D00219991 /* Project object */ = {
			isa = PBXProject;
			attributes = {
				LastUpgradeCheck = 0440;
				ORGANIZATIONNAME = "Trevor Adams";
			};
			buildConfigurationList = B85C53D415F3B26D00219991 /* Build configuration list for PBXProject "AnagramKata" */;
			compatibilityVersion = "Xcode 3.2";
			developmentRegion = English;
			hasScannedForEncodings = 0;
			knownRegions = (
				en,
			);
			mainGroup = B85C53CF15F3B26D00219991;
			productRefGroup = B85C53DB15F3B26D00219991 /* Products */;
			projectDirPath = "";
			projectRoot = "";
			targets = (
				B85C53D915F3B26D00219991 /* AnagramKata */,
			);
		};
/* End PBXProject section */

/* Begin PBXSourcesBuildPhase section */
		B85C53D615F3B26D00219991 /* Sources */ = {
			isa = PBXSourcesBuildPhase;
			buildActionMask = 2147483647;
			files = (
				B85C53E215F3B26D00219991 /* main.m in Sources */,
				B85C53EF15F3B29B00219991 /* NSString+Anagram.m in Sources */,
			);
			runOnlyForDeploymentPostprocessing = 0;
		};
/* End PBXSourcesBuildPhase section */

/* Begin XCBuildConfiguration section */
		B85C53E715F3B26D00219991 /* Debug */ = {
			isa = XCBuildConfiguration;
			buildSettings = {
				ALWAYS_SEARCH_USER_PATHS = NO;
				ARCHS = "$(ARCHS_STANDARD_64_BIT)";
				CLANG_CXX_LANGUAGE_STANDARD = "gnu++0x";
				CLANG_ENABLE_OBJC_ARC = YES;
				CLANG_WARN__DUPLICATE_METHOD_MATCH = YES;
				COPY_PHASE_STRIP = NO;
				GCC_C_LANGUAGE_STANDARD = gnu99;
				GCC_DYNAMIC_NO_PIC = NO;
				GCC_ENABLE_OBJC_EXCEPTIONS = YES;
				GCC_OPTIMIZATION_LEVEL = 0;
				GCC_PREPROCESSOR_DEFINITIONS = (
					"DEBUG=1",
					"$(inherited)",
				);
				GCC_SYMBOLS_PRIVATE_EXTERN = NO;
				GCC_WARN_64_TO_32_BIT_CONVERSION = YES;
				GCC_WARN_ABOUT_RETURN_TYPE = YES;
				GCC_WARN_UNINITIALIZED_AUTOS = YES;
				GCC_WARN_UNUSED_VARIABLE = YES;
				MACOSX_DEPLOYMENT_TARGET = 10.8;
				ONLY_ACTIVE_ARCH = YES;
				SDKROOT = macosx;
			};
			name = Debug;
		};
		B85C53E815F3B26D00219991 /* Release */ = {
			isa = XCBuildConfiguration;
			buildSettings = {
				ALWAYS_SEARCH_USER_PATHS = NO;
				ARCHS = "$(ARCHS_STANDARD_64_BIT)";
				CLANG_CXX_LANGUAGE_STANDARD = "gnu++0x";
				CLANG_ENABLE_OBJC_ARC = YES;
				CLANG_WARN__DUPLICATE_METHOD_MATCH = YES;
				COPY_PHASE_STRIP = YES;
				DEBUG_INFORMATION_FORMAT = "dwarf-with-dsym";
				GCC_C_LANGUAGE_STANDARD = gnu99;
				GCC_ENABLE_OBJC_EXCEPTIONS = YES;
				GCC_WARN_64_TO_32_BIT_CONVERSION = YES;
				GCC_WARN_ABOUT_RETURN_TYPE = YES;
				GCC_WARN_UNINITIALIZED_AUTOS = YES;
				GCC_WARN_UNUSED_VARIABLE = YES;
				MACOSX_DEPLOYMENT_TARGET = 10.8;
				SDKROOT = macosx;
			};
			name = Release;
		};
		B85C53EA15F3B26D00219991 /* Debug */ = {
			isa = XCBuildConfiguration;
			buildSettings = {
				GCC_PRECOMPILE_PREFIX_HEADER = YES;
				GCC_PREFIX_HEADER = "AnagramKata/AnagramKata-Prefix.pch";
				PRODUCT_NAME = "$(TARGET_NAME)";
			};
			name = Debug;
		};
		B85C53EB15F3B26D00219991 /* Release */ = {
			isa = XCBuildConfiguration;
			buildSettings = {
				GCC_PRECOMPILE_PREFIX_HEADER = YES;
				GCC_PREFIX_HEADER = "AnagramKata/AnagramKata-Prefix.pch";
				PRODUCT_NAME = "$(TARGET_NAME)";
			};
			name = Release;
		};
/* End XCBuildConfiguration section */

/* Begin XCConfigurationList section */
		B85C53D415F3B26D00219991 /* Build configuration list for PBXProject "AnagramKata" */ = {
			isa = XCConfigurationList;
			buildConfigurations = (
				B85C53E715F3B26D00219991 /* Debug */,
				B85C53E815F3B26D00219991 /* Release */,
			);
			defaultConfigurationIsVisible = 0;
			defaultConfigurationName = Release;
		};
		B85C53E915F3B26D00219991 /* Build configuration list for PBXNativeTarget "AnagramKata" */ = {
			isa = XCConfigurationList;
			buildConfigurations = (
				B85C53EA15F3B26D00219991 /* Debug */,
				B85C53EB15F3B26D00219991 /* Release */,
			);
			defaultConfigurationIsVisible = 0;
		};
/* End XCConfigurationList section */
	};
	rootObject = B85C53D115F3B26D00219991 /* Project object */;
}
